
Microsoft Visual Studio Solution File, Format Version 12.00
# Visual Studio Version 16
VisualStudioVersion = 16.0.31112.23
MinimumVisualStudioVersion = 10.0.40219.1
Project("{FAE04EC0-301F-11D3-BF4B-00C04F79EFBC}") = "FrontToBack", "FrontToBack\FrontToBack.csproj", "{F663AD72-E5FD-4084-8799-33BE05DDF0C1}"
EndProject
Global
	GlobalSection(SolutionConfigurationPlatforms) = preSolution
		Debug|Any CPU = Debug|Any CPU
		Release|Any CPU = Release|Any CPU
	EndGlobalSection
	GlobalSection(ProjectConfigurationPlatforms) = postSolution
		{F663AD72-E5FD-4084-8799-33BE05DDF0C1}.Debug|Any CPU.ActiveCfg = Debug|Any CPU
		{F663AD72-E5FD-4084-8799-33BE05DDF0C1}.Debug|Any CPU.Build.0 = Debug|Any CPU
		{F663AD72-E5FD-4084-8799-33BE05DDF0C1}.Release|Any CPU.ActiveCfg = Release|Any CPU
		{F663AD72-E5FD-4084-8799-33BE05DDF0C1}.Release|Any CPU.Build.0 = Release|Any CPU
	EndGlobalSection
	GlobalSection(SolutionProperties) = preSolution
		HideSolutionNode = FALSE
	EndGlobalSection
	GlobalSection(ExtensibilityGlobals) = postSolution
		SolutionGuid = {B7EE9185-9C84-4109-8025-BCF4B9DDF7B6}
	EndGlobalSection
EndGlobal
